
Microsoft Visual Studio Solution File, Format Version 12.00
# Visual Studio Version 16
VisualStudioVersion = 16.0.30717.126
MinimumVisualStudioVersion = 10.0.40219.1
Project("{FAE04EC0-301F-11D3-BF4B-00C04F79EFBC}") = "b2d_4_4_intakeapp", "b2d_4_4_intakeapp\b2d_4_4_intakeapp.csproj", "{8B7C7018-FD81-4087-ABE7-6C1392050374}"
EndProject
Project("{FAE04EC0-301F-11D3-BF4B-00C04F79EFBC}") = "UnitTestProject1", "UnitTestProject1\UnitTestProject1.csproj", "{0C8196B9-FF8F-469A-8717-E1B5C41CE57B}"
EndProject
Global
	GlobalSection(SolutionConfigurationPlatforms) = preSolution
		Debug|Any CPU = Debug|Any CPU
		Release|Any CPU = Release|Any CPU
	EndGlobalSection
	GlobalSection(ProjectConfigurationPlatforms) = postSolution
		{8B7C7018-FD81-4087-ABE7-6C1392050374}.Debug|Any CPU.ActiveCfg = Debug|Any CPU
		{8B7C7018-FD81-4087-ABE7-6C1392050374}.Debug|Any CPU.Build.0 = Debug|Any CPU
		{8B7C7018-FD81-4087-ABE7-6C1392050374}.Release|Any CPU.ActiveCfg = Release|Any CPU
		{8B7C7018-FD81-4087-ABE7-6C1392050374}.Release|Any CPU.Build.0 = Release|Any CPU
		{0C8196B9-FF8F-469A-8717-E1B5C41CE57B}.Debug|Any CPU.ActiveCfg = Debug|Any CPU
		{0C8196B9-FF8F-469A-8717-E1B5C41CE57B}.Debug|Any CPU.Build.0 = Debug|Any CPU
		{0C8196B9-FF8F-469A-8717-E1B5C41CE57B}.Release|Any CPU.ActiveCfg = Release|Any CPU
		{0C8196B9-FF8F-469A-8717-E1B5C41CE57B}.Release|Any CPU.Build.0 = Release|Any CPU
	EndGlobalSection
	GlobalSection(SolutionProperties) = preSolution
		HideSolutionNode = FALSE
	EndGlobalSection
	GlobalSection(ExtensibilityGlobals) = postSolution
		SolutionGuid = {CD6A7C0F-3BC0-4302-B90B-20ABF91ABAB0}
	EndGlobalSection
EndGlobal
